
Microsoft Visual Studio Solution File, Format Version 12.00
# Visual Studio Version 17
VisualStudioVersion = 17.0.31912.275
MinimumVisualStudioVersion = 10.0.40219.1
Project("{9A19103F-16F7-4668-BE54-9A1E7A4F7556}") = "WebAPI", "WebAPI\WebAPI.csproj", "{BD6AD275-D073-4AFD-8273-67225611FB98}"
EndProject
Project("{9A19103F-16F7-4668-BE54-9A1E7A4F7556}") = "Core", "Core\Core.csproj", "{16E60DF1-8FA3-4877-8BEB-C5159EF40B89}"
EndProject
Project("{9A19103F-16F7-4668-BE54-9A1E7A4F7556}") = "Infrastructure", "Infrastructure\Infrastructure.csproj", "{E21D0BA3-618C-4171-B4D7-296BC36861BA}"
EndProject
Project("{2150E333-8FDC-42A3-9474-1A3956D46DE8}") = "Solution Items", "Solution Items", "{B24F49B9-55D1-406D-B1EE-E9CB62A48A92}"
	ProjectSection(SolutionItems) = preProject
		.editorconfig = .editorconfig
	EndProjectSection
EndProject
Project("{9A19103F-16F7-4668-BE54-9A1E7A4F7556}") = "Client", "Client\Client.csproj", "{491A99BC-9CCC-45BD-BF73-5B747DEC90E6}"
EndProject
Project("{9A19103F-16F7-4668-BE54-9A1E7A4F7556}") = "Shared", "Shared\Shared.csproj", "{3966F397-BF86-4C15-AD3E-0E59EA9A69B0}"
EndProject
Project("{FAE04EC0-301F-11D3-BF4B-00C04F79EFBC}") = "Client.Infrastruture", "Client.Infrastruture\Client.Infrastruture.csproj", "{9FBC6D4D-B596-4923-9A22-EF99AC2B4BB1}"
EndProject
Global
	GlobalSection(SolutionConfigurationPlatforms) = preSolution
		Debug|Any CPU = Debug|Any CPU
		Release|Any CPU = Release|Any CPU
	EndGlobalSection
	GlobalSection(ProjectConfigurationPlatforms) = postSolution
		{BD6AD275-D073-4AFD-8273-67225611FB98}.Debug|Any CPU.ActiveCfg = Debug|Any CPU
		{BD6AD275-D073-4AFD-8273-67225611FB98}.Debug|Any CPU.Build.0 = Debug|Any CPU
		{BD6AD275-D073-4AFD-8273-67225611FB98}.Release|Any CPU.ActiveCfg = Release|Any CPU
		{BD6AD275-D073-4AFD-8273-67225611FB98}.Release|Any CPU.Build.0 = Release|Any CPU
		{16E60DF1-8FA3-4877-8BEB-C5159EF40B89}.Debug|Any CPU.ActiveCfg = Debug|Any CPU
		{16E60DF1-8FA3-4877-8BEB-C5159EF40B89}.Debug|Any CPU.Build.0 = Debug|Any CPU
		{16E60DF1-8FA3-4877-8BEB-C5159EF40B89}.Release|Any CPU.ActiveCfg = Release|Any CPU
		{16E60DF1-8FA3-4877-8BEB-C5159EF40B89}.Release|Any CPU.Build.0 = Release|Any CPU
		{E21D0BA3-618C-4171-B4D7-296BC36861BA}.Debug|Any CPU.ActiveCfg = Debug|Any CPU
		{E21D0BA3-618C-4171-B4D7-296BC36861BA}.Debug|Any CPU.Build.0 = Debug|Any CPU
		{E21D0BA3-618C-4171-B4D7-296BC36861BA}.Release|Any CPU.ActiveCfg = Release|Any CPU
		{E21D0BA3-618C-4171-B4D7-296BC36861BA}.Release|Any CPU.Build.0 = Release|Any CPU
		{491A99BC-9CCC-45BD-BF73-5B747DEC90E6}.Debug|Any CPU.ActiveCfg = Debug|Any CPU
		{491A99BC-9CCC-45BD-BF73-5B747DEC90E6}.Debug|Any CPU.Build.0 = Debug|Any CPU
		{491A99BC-9CCC-45BD-BF73-5B747DEC90E6}.Release|Any CPU.ActiveCfg = Release|Any CPU
		{491A99BC-9CCC-45BD-BF73-5B747DEC90E6}.Release|Any CPU.Build.0 = Release|Any CPU
		{3966F397-BF86-4C15-AD3E-0E59EA9A69B0}.Debug|Any CPU.ActiveCfg = Debug|Any CPU
		{3966F397-BF86-4C15-AD3E-0E59EA9A69B0}.Debug|Any CPU.Build.0 = Debug|Any CPU
		{3966F397-BF86-4C15-AD3E-0E59EA9A69B0}.Release|Any CPU.ActiveCfg = Release|Any CPU
		{3966F397-BF86-4C15-AD3E-0E59EA9A69B0}.Release|Any CPU.Build.0 = Release|Any CPU
		{9FBC6D4D-B596-4923-9A22-EF99AC2B4BB1}.Debug|Any CPU.ActiveCfg = Debug|Any CPU
		{9FBC6D4D-B596-4923-9A22-EF99AC2B4BB1}.Debug|Any CPU.Build.0 = Debug|Any CPU
		{9FBC6D4D-B596-4923-9A22-EF99AC2B4BB1}.Release|Any CPU.ActiveCfg = Release|Any CPU
		{9FBC6D4D-B596-4923-9A22-EF99AC2B4BB1}.Release|Any CPU.Build.0 = Release|Any CPU
	EndGlobalSection
	GlobalSection(SolutionProperties) = preSolution
		HideSolutionNode = FALSE
	EndGlobalSection
	GlobalSection(ExtensibilityGlobals) = postSolution
		SolutionGuid = {5E72D879-11D3-486C-9BBE-E9DE897DDE08}
	EndGlobalSection
EndGlobal
